// !$*UTF8*$!
{
	archiveVersion = 1;
	classes = {
	};
	objectVersion = 55;
	objects = {

/* Begin PBXBuildFile section */
		37CDA2F0288841E30020159E /* GridSymbolView.swift in Sources */ = {isa = PBXBuildFile; fileRef = 37CDA2EF288841E30020159E /* GridSymbolView.swift */; };
		37CDA2F3288843960020159E /* Color+Extensions.swift in Sources */ = {isa = PBXBuildFile; fileRef = 37CDA2F2288843960020159E /* Color+Extensions.swift */; };
		37CDA2F52888441F0020159E /* SheetSymbolView.swift in Sources */ = {isa = PBXBuildFile; fileRef = 37CDA2F42888441F0020159E /* SheetSymbolView.swift */; };
		37CDA2FC2888494D0020159E /* Symbol.swift in Sources */ = {isa = PBXBuildFile; fileRef = 37CDA2FB2888494D0020159E /* Symbol.swift */; };
		37CDA2FE288849DD0020159E /* Model.swift in Sources */ = {isa = PBXBuildFile; fileRef = 37CDA2FD288849DD0020159E /* Model.swift */; };
		37CDA301288853A60020159E /* ByName.txt in Resources */ = {isa = PBXBuildFile; fileRef = 37CDA2FF288853A60020159E /* ByName.txt */; };
		37CDA302288853A60020159E /* Multicolored.txt in Resources */ = {isa = PBXBuildFile; fileRef = 37CDA300288853A60020159E /* Multicolored.txt */; };
		37CDA306288857B30020159E /* ByDefault.txt in Resources */ = {isa = PBXBuildFile; fileRef = 37CDA305288857B30020159E /* ByDefault.txt */; };
		37CDA30828894E130020159E /* SymbolCell.swift in Sources */ = {isa = PBXBuildFile; fileRef = 37CDA30728894E130020159E /* SymbolCell.swift */; };
		37CFA2932881C80000B59CA7 /* SFSymbolsApp.swift in Sources */ = {isa = PBXBuildFile; fileRef = 37CFA2922881C80000B59CA7 /* SFSymbolsApp.swift */; };
		37CFA2952881C80000B59CA7 /* ContentView.swift in Sources */ = {isa = PBXBuildFile; fileRef = 37CFA2942881C80000B59CA7 /* ContentView.swift */; };
		37CFA2972881C80200B59CA7 /* Assets.xcassets in Resources */ = {isa = PBXBuildFile; fileRef = 37CFA2962881C80200B59CA7 /* Assets.xcassets */; };
		37CFA29A2881C80200B59CA7 /* Preview Assets.xcassets in Resources */ = {isa = PBXBuildFile; fileRef = 37CFA2992881C80200B59CA7 /* Preview Assets.xcassets */; };
/* End PBXBuildFile section */

/* Begin PBXFileReference section */
		37CDA2EF288841E30020159E /* GridSymbolView.swift */ = {isa = PBXFileReference; lastKnownFileType = sourcecode.swift; path = GridSymbolView.swift; sourceTree = "<group>"; };
		37CDA2F2288843960020159E /* Color+Extensions.swift */ = {isa = PBXFileReference; lastKnownFileType = sourcecode.swift; path = "Color+Extensions.swift"; sourceTree = "<group>"; };
		37CDA2F42888441F0020159E /* SheetSymbolView.swift */ = {isa = PBXFileReference; lastKnownFileType = sourcecode.swift; path = SheetSymbolView.swift; sourceTree = "<group>"; };
		37CDA2FB2888494D0020159E /* Symbol.swift */ = {isa = PBXFileReference; lastKnownFileType = sourcecode.swift; path = Symbol.swift; sourceTree = "<group>"; };
		37CDA2FD288849DD0020159E /* Model.swift */ = {isa = PBXFileReference; lastKnownFileType = sourcecode.swift; path = Model.swift; sourceTree = "<group>"; };
		37CDA2FF288853A60020159E /* ByName.txt */ = {isa = PBXFileReference; fileEncoding = 4; lastKnownFileType = text; path = ByName.txt; sourceTree = "<group>"; };
		37CDA300288853A60020159E /* Multicolored.txt */ = {isa = PBXFileReference; fileEncoding = 4; lastKnownFileType = text; path = Multicolored.txt; sourceTree = "<group>"; };
		37CDA305288857B30020159E /* ByDefault.txt */ = {isa = PBXFileReference; fileEncoding = 4; lastKnownFileType = text; path = ByDefault.txt; sourceTree = "<group>"; };
		37CDA30728894E130020159E /* SymbolCell.swift */ = {isa = PBXFileReference; lastKnownFileType = sourcecode.swift; path = SymbolCell.swift; sourceTree = "<group>"; };
		37CFA28F2881C80000B59CA7 /* SFSymbols.app */ = {isa = PBXFileReference; explicitFileType = wrapper.application; includeInIndex = 0; path = SFSymbols.app; sourceTree = BUILT_PRODUCTS_DIR; };
		37CFA2922881C80000B59CA7 /* SFSymbolsApp.swift */ = {isa = PBXFileReference; lastKnownFileType = sourcecode.swift; path = SFSymbolsApp.swift; sourceTree = "<group>"; };
		37CFA2942881C80000B59CA7 /* ContentView.swift */ = {isa = PBXFileReference; lastKnownFileType = sourcecode.swift; path = ContentView.swift; sourceTree = "<group>"; };
		37CFA2962881C80200B59CA7 /* Assets.xcassets */ = {isa = PBXFileReference; lastKnownFileType = folder.assetcatalog; path = Assets.xcassets; sourceTree = "<group>"; };
		37CFA2992881C80200B59CA7 /* Preview Assets.xcassets */ = {isa = PBXFileReference; lastKnownFileType = folder.assetcatalog; path = "Preview Assets.xcassets"; sourceTree = "<group>"; };
/* End PBXFileReference section */

/* Begin PBXFrameworksBuildPhase section */
		37CFA28C2881C80000B59CA7 /* Frameworks */ = {
			isa = PBXFrameworksBuildPhase;
			buildActionMask = 2147483647;
			files = (
			);
			runOnlyForDeploymentPostprocessing = 0;
		};
/* End PBXFrameworksBuildPhase section */

/* Begin PBXGroup section */
		37CDA2F12888438B0020159E /* Extensions */ = {
			isa = PBXGroup;
			children = (
				37CDA2F2288843960020159E /* Color+Extensions.swift */,
			);
			path = Extensions;
			sourceTree = "<group>";
		};
		37CDA2FA2888493C0020159E /* Models */ = {
			isa = PBXGroup;
			children = (
				37CDA305288857B30020159E /* ByDefault.txt */,
				37CDA2FF288853A60020159E /* ByName.txt */,
				37CDA300288853A60020159E /* Multicolored.txt */,
				37CDA2FB2888494D0020159E /* Symbol.swift */,
				37CDA2FD288849DD0020159E /* Model.swift */,
			);
			path = Models;
			sourceTree = "<group>";
		};
		37CFA2862881C80000B59CA7 = {
			isa = PBXGroup;
			children = (
				37CFA2912881C80000B59CA7 /* SFSymbols */,
				37CFA2902881C80000B59CA7 /* Products */,
			);
			sourceTree = "<group>";
		};
		37CFA2902881C80000B59CA7 /* Products */ = {
			isa = PBXGroup;
			children = (
				37CFA28F2881C80000B59CA7 /* SFSymbols.app */,
			);
			name = Products;
			sourceTree = "<group>";
		};
		37CFA2912881C80000B59CA7 /* SFSymbols */ = {
			isa = PBXGroup;
			children = (
				37CDA2FA2888493C0020159E /* Models */,
				37CDA2F12888438B0020159E /* Extensions */,
				37CFA2922881C80000B59CA7 /* SFSymbolsApp.swift */,
				37CFA2942881C80000B59CA7 /* ContentView.swift */,
				37CFA2962881C80200B59CA7 /* Assets.xcassets */,
				37CFA2982881C80200B59CA7 /* Preview Content */,
				37CDA2EF288841E30020159E /* GridSymbolView.swift */,
				37CDA2F42888441F0020159E /* SheetSymbolView.swift */,
				37CDA30728894E130020159E /* SymbolCell.swift */,
			);
			path = SFSymbols;
			sourceTree = "<group>";
		};
		37CFA2982881C80200B59CA7 /* Preview Content */ = {
			isa = PBXGroup;
			children = (
				37CFA2992881C80200B59CA7 /* Preview Assets.xcassets */,
			);
			path = "Preview Content";
			sourceTree = "<group>";
		};
/* End PBXGroup section */

/* Begin PBXNativeTarget section */
		37CFA28E2881C80000B59CA7 /* SFSymbols */ = {
			isa = PBXNativeTarget;
			buildConfigurationList = 37CFA29D2881C80200B59CA7 /* Build configuration list for PBXNativeTarget "SFSymbols" */;
			buildPhases = (
				37CFA28B2881C80000B59CA7 /* Sources */,
				37CFA28C2881C80000B59CA7 /* Frameworks */,
				37CFA28D2881C80000B59CA7 /* Resources */,
			);
			buildRules = (
			);
			dependencies = (
			);
			name = SFSymbols;
			productName = SFSymbols;
			productReference = 37CFA28F2881C80000B59CA7 /* SFSymbols.app */;
			productType = "com.apple.product-type.application";
		};
/* End PBXNativeTarget section */

/* Begin PBXProject section */
		37CFA2872881C80000B59CA7 /* Project object */ = {
			isa = PBXProject;
			attributes = {
				BuildIndependentTargetsInParallel = 1;
				LastSwiftUpdateCheck = 1330;
				LastUpgradeCheck = 1330;
				TargetAttributes = {
					37CFA28E2881C80000B59CA7 = {
						CreatedOnToolsVersion = 13.3.1;
					};
				};
			};
			buildConfigurationList = 37CFA28A2881C80000B59CA7 /* Build configuration list for PBXProject "SFSymbols" */;
			compatibilityVersion = "Xcode 13.0";
			developmentRegion = en;
			hasScannedForEncodings = 0;
			knownRegions = (
				en,
				Base,
			);
			mainGroup = 37CFA2862881C80000B59CA7;
			productRefGroup = 37CFA2902881C80000B59CA7 /* Products */;
			projectDirPath = "";
			projectRoot = "";
			targets = (
				37CFA28E2881C80000B59CA7 /* SFSymbols */,
			);
		};
/* End PBXProject section */

/* Begin PBXResourcesBuildPhase section */
		37CFA28D2881C80000B59CA7 /* Resources */ = {
			isa = PBXResourcesBuildPhase;
			buildActionMask = 2147483647;
			files = (
				37CFA29A2881C80200B59CA7 /* Preview Assets.xcassets in Resources */,
				37CDA302288853A60020159E /* Multicolored.txt in Resources */,
				37CDA306288857B30020159E /* ByDefault.txt in Resources */,
				37CFA2972881C80200B59CA7 /* Assets.xcassets in Resources */,
				37CDA301288853A60020159E /* ByName.txt in Resources */,
			);
			runOnlyForDeploymentPostprocessing = 0;
		};
/* End PBXResourcesBuildPhase section */

/* Begin PBXSourcesBuildPhase section */
		37CFA28B2881C80000B59CA7 /* Sources */ = {
			isa = PBXSourcesBuildPhase;
			buildActionMask = 2147483647;
			files = (
				37CDA2FE288849DD0020159E /* Model.swift in Sources */,
				37CDA30828894E130020159E /* SymbolCell.swift in Sources */,
				37CDA2F0288841E30020159E /* GridSymbolView.swift in Sources */,
				37CFA2952881C80000B59CA7 /* ContentView.swift in Sources */,
				37CFA2932881C80000B59CA7 /* SFSymbolsApp.swift in Sources */,
				37CDA2F3288843960020159E /* Color+Extensions.swift in Sources */,
				37CDA2F52888441F0020159E /* SheetSymbolView.swift in Sources */,
				37CDA2FC2888494D0020159E /* Symbol.swift in Sources */,
			);
			runOnlyForDeploymentPostprocessing = 0;
		};
/* End PBXSourcesBuildPhase section */

/* Begin XCBuildConfiguration section */
		37CFA29B2881C80200B59CA7 /* Debug */ = {
			isa = XCBuildConfiguration;
			buildSettings = {
				ALWAYS_SEARCH_USER_PATHS = NO;
				CLANG_ANALYZER_NONNULL = YES;
				CLANG_ANALYZER_NUMBER_OBJECT_CONVERSION = YES_AGGRESSIVE;
				CLANG_CXX_LANGUAGE_STANDARD = "gnu++17";
				CLANG_ENABLE_MODULES = YES;
				CLANG_ENABLE_OBJC_ARC = YES;
				CLANG_ENABLE_OBJC_WEAK = YES;
				CLANG_WARN_BLOCK_CAPTURE_AUTORELEASING = YES;
				CLANG_WARN_BOOL_CONVERSION = YES;
				CLANG_WARN_COMMA = YES;
				CLANG_WARN_CONSTANT_CONVERSION = YES;
				CLANG_WARN_DEPRECATED_OBJC_IMPLEMENTATIONS = YES;
				CLANG_WARN_DIRECT_OBJC_ISA_USAGE = YES_ERROR;
				CLANG_WARN_DOCUMENTATION_COMMENTS = YES;
				CLANG_WARN_EMPTY_BODY = YES;
				CLANG_WARN_ENUM_CONVERSION = YES;
				CLANG_WARN_INFINITE_RECURSION = YES;
				CLANG_WARN_INT_CONVERSION = YES;
				CLANG_WARN_NON_LITERAL_NULL_CONVERSION = YES;
				CLANG_WARN_OBJC_IMPLICIT_RETAIN_SELF = YES;
				CLANG_WARN_OBJC_LITERAL_CONVERSION = YES;
				CLANG_WARN_OBJC_ROOT_CLASS = YES_ERROR;
				CLANG_WARN_QUOTED_INCLUDE_IN_FRAMEWORK_HEADER = YES;
				CLANG_WARN_RANGE_LOOP_ANALYSIS = YES;
				CLANG_WARN_STRICT_PROTOTYPES = YES;
				CLANG_WARN_SUSPICIOUS_MOVE = YES;
				CLANG_WARN_UNGUARDED_AVAILABILITY = YES_AGGRESSIVE;
				CLANG_WARN_UNREACHABLE_CODE = YES;
				CLANG_WARN__DUPLICATE_METHOD_MATCH = YES;
				COPY_PHASE_STRIP = NO;
				DEBUG_INFORMATION_FORMAT = dwarf;
				ENABLE_STRICT_OBJC_MSGSEND = YES;
				ENABLE_TESTABILITY = YES;
				GCC_C_LANGUAGE_STANDARD = gnu11;
				GCC_DYNAMIC_NO_PIC = NO;
				GCC_NO_COMMON_BLOCKS = YES;
				GCC_OPTIMIZATION_LEVEL = 0;
				GCC_PREPROCESSOR_DEFINITIONS = (
					"DEBUG=1",
					"$(inherited)",
				);
				GCC_WARN_64_TO_32_BIT_CONVERSION = YES;
				GCC_WARN_ABOUT_RETURN_TYPE = YES_ERROR;
				GCC_WARN_UNDECLARED_SELECTOR = YES;
				GCC_WARN_UNINITIALIZED_AUTOS = YES_AGGRESSIVE;
				GCC_WARN_UNUSED_FUNCTION = YES;
				GCC_WARN_UNUSED_VARIABLE = YES;
				IPHONEOS_DEPLOYMENT_TARGET = 15.4;
				MTL_ENABLE_DEBUG_INFO = INCLUDE_SOURCE;
				MTL_FAST_MATH = YES;
				ONLY_ACTIVE_ARCH = YES;
				SDKROOT = iphoneos;
				SWIFT_ACTIVE_COMPILATION_CONDITIONS = DEBUG;
				SWIFT_OPTIMIZATION_LEVEL = "-Onone";
			};
			name = Debug;
		};
		37CFA29C2881C80200B59CA7 /* Release */ = {
			isa = XCBuildConfiguration;
			buildSettings = {
				ALWAYS_SEARCH_USER_PATHS = NO;
				CLANG_ANALYZER_NONNULL = YES;
				CLANG_ANALYZER_NUMBER_OBJECT_CONVERSION = YES_AGGRESSIVE;
				CLANG_CXX_LANGUAGE_STANDARD = "gnu++17";
				CLANG_ENABLE_MODULES = YES;
				CLANG_ENABLE_OBJC_ARC = YES;
				CLANG_ENABLE_OBJC_WEAK = YES;
				CLANG_WARN_BLOCK_CAPTURE_AUTORELEASING = YES;
				CLANG_WARN_BOOL_CONVERSION = YES;
				CLANG_WARN_COMMA = YES;
				CLANG_WARN_CONSTANT_CONVERSION = YES;
				CLANG_WARN_DEPRECATED_OBJC_IMPLEMENTATIONS = YES;
				CLANG_WARN_DIRECT_OBJC_ISA_USAGE = YES_ERROR;
				CLANG_WARN_DOCUMENTATION_COMMENTS = YES;
				CLANG_WARN_EMPTY_BODY = YES;
				CLANG_WARN_ENUM_CONVERSION = YES;
				CLANG_WARN_INFINITE_RECURSION = YES;
				CLANG_WARN_INT_CONVERSION = YES;
				CLANG_WARN_NON_LITERAL_NULL_CONVERSION = YES;
				CLANG_WARN_OBJC_IMPLICIT_RETAIN_SELF = YES;
				CLANG_WARN_OBJC_LITERAL_CONVERSION = YES;
				CLANG_WARN_OBJC_ROOT_CLASS = YES_ERROR;
				CLANG_WARN_QUOTED_INCLUDE_IN_FRAMEWORK_HEADER = YES;
				CLANG_WARN_RANGE_LOOP_ANALYSIS = YES;
				CLANG_WARN_STRICT_PROTOTYPES = YES;
				CLANG_WARN_SUSPICIOUS_MOVE = YES;
				CLANG_WARN_UNGUARDED_AVAILABILITY = YES_AGGRESSIVE;
				CLANG_WARN_UNREACHABLE_CODE = YES;
				CLANG_WARN__DUPLICATE_METHOD_MATCH = YES;
				COPY_PHASE_STRIP = NO;
				DEBUG_INFORMATION_FORMAT = "dwarf-with-dsym";
				ENABLE_NS_ASSERTIONS = NO;
				ENABLE_STRICT_OBJC_MSGSEND = YES;
				GCC_C_LANGUAGE_STANDARD = gnu11;
				GCC_NO_COMMON_BLOCKS = YES;
				GCC_WARN_64_TO_32_BIT_CONVERSION = YES;
				GCC_WARN_ABOUT_RETURN_TYPE = YES_ERROR;
				GCC_WARN_UNDECLARED_SELECTOR = YES;
				GCC_WARN_UNINITIALIZED_AUTOS = YES_AGGRESSIVE;
				GCC_WARN_UNUSED_FUNCTION = YES;
				GCC_WARN_UNUSED_VARIABLE = YES;
				IPHONEOS_DEPLOYMENT_TARGET = 15.4;
				MTL_ENABLE_DEBUG_INFO = NO;
				MTL_FAST_MATH = YES;
				SDKROOT = iphoneos;
				SWIFT_COMPILATION_MODE = wholemodule;
				SWIFT_OPTIMIZATION_LEVEL = "-O";
				VALIDATE_PRODUCT = YES;
			};
			name = Release;
		};
		37CFA29E2881C80200B59CA7 /* Debug */ = {
			isa = XCBuildConfiguration;
			buildSettings = {
				ASSETCATALOG_COMPILER_APPICON_NAME = AppIcon;
				ASSETCATALOG_COMPILER_GLOBAL_ACCENT_COLOR_NAME = AccentColor;
				CODE_SIGN_STYLE = Automatic;
				CURRENT_PROJECT_VERSION = 1;
				DEVELOPMENT_ASSET_PATHS = "\"SFSymbols/Preview Content\"";
				DEVELOPMENT_TEAM = 4B76WUX67Y;
				ENABLE_PREVIEWS = YES;
				GENERATE_INFOPLIST_FILE = YES;
				INFOPLIST_KEY_UIApplicationSceneManifest_Generation = YES;
				INFOPLIST_KEY_UIApplicationSupportsIndirectInputEvents = YES;
				INFOPLIST_KEY_UILaunchScreen_Generation = YES;
				INFOPLIST_KEY_UISupportedInterfaceOrientations_iPad = "UIInterfaceOrientationPortrait UIInterfaceOrientationPortraitUpsideDown UIInterfaceOrientationLandscapeLeft UIInterfaceOrientationLandscapeRight";
				INFOPLIST_KEY_UISupportedInterfaceOrientations_iPhone = "UIInterfaceOrientationPortrait UIInterfaceOrientationLandscapeLeft UIInterfaceOrientationLandscapeRight";
				LD_RUNPATH_SEARCH_PATHS = (
					"$(inherited)",
					"@executable_path/Frameworks",
				);
				MARKETING_VERSION = 1.0;
				PRODUCT_BUNDLE_IDENTIFIER = com.kamilskrzynski.SFSymbols;
				PRODUCT_NAME = "$(TARGET_NAME)";
				SWIFT_EMIT_LOC_STRINGS = YES;
				SWIFT_VERSION = 5.0;
				TARGETED_DEVICE_FAMILY = "1,2";
			};
			name = Debug;
		};
		37CFA29F2881C80200B59CA7 /* Release */ = {
			isa = XCBuildConfiguration;
			buildSettings = {
				ASSETCATALOG_COMPILER_APPICON_NAME = AppIcon;
				ASSETCATALOG_COMPILER_GLOBAL_ACCENT_COLOR_NAME = AccentColor;
				CODE_SIGN_STYLE = Automatic;
				CURRENT_PROJECT_VERSION = 1;
				DEVELOPMENT_ASSET_PATHS = "\"SFSymbols/Preview Content\"";
				DEVELOPMENT_TEAM = 4B76WUX67Y;
				ENABLE_PREVIEWS = YES;
				GENERATE_INFOPLIST_FILE = YES;
				INFOPLIST_KEY_UIApplicationSceneManifest_Generation = YES;
				INFOPLIST_KEY_UIApplicationSupportsIndirectInputEvents = YES;
				INFOPLIST_KEY_UILaunchScreen_Generation = YES;
				INFOPLIST_KEY_UISupportedInterfaceOrientations_iPad = "UIInterfaceOrientationPortrait UIInterfaceOrientationPortraitUpsideDown UIInterfaceOrientationLandscapeLeft UIInterfaceOrientationLandscapeRight";
				INFOPLIST_KEY_UISupportedInterfaceOrientations_iPhone = "UIInterfaceOrientationPortrait UIInterfaceOrientationLandscapeLeft UIInterfaceOrientationLandscapeRight";
				LD_RUNPATH_SEARCH_PATHS = (
					"$(inherited)",
					"@executable_path/Frameworks",
				);
				MARKETING_VERSION = 1.0;
				PRODUCT_BUNDLE_IDENTIFIER = com.kamilskrzynski.SFSymbols;
				PRODUCT_NAME = "$(TARGET_NAME)";
				SWIFT_EMIT_LOC_STRINGS = YES;
				SWIFT_VERSION = 5.0;
				TARGETED_DEVICE_FAMILY = "1,2";
			};
			name = Release;
		};
/* End XCBuildConfiguration section */

/* Begin XCConfigurationList section */
		37CFA28A2881C80000B59CA7 /* Build configuration list for PBXProject "SFSymbols" */ = {
			isa = XCConfigurationList;
			buildConfigurations = (
				37CFA29B2881C80200B59CA7 /* Debug */,
				37CFA29C2881C80200B59CA7 /* Release */,
			);
			defaultConfigurationIsVisible = 0;
			defaultConfigurationName = Release;
		};
		37CFA29D2881C80200B59CA7 /* Build configuration list for PBXNativeTarget "SFSymbols" */ = {
			isa = XCConfigurationList;
			buildConfigurations = (
				37CFA29E2881C80200B59CA7 /* Debug */,
				37CFA29F2881C80200B59CA7 /* Release */,
			);
			defaultConfigurationIsVisible = 0;
			defaultConfigurationName = Release;
		};
/* End XCConfigurationList section */
	};
	rootObject = 37CFA2872881C80000B59CA7 /* Project object */;
}
